# This file was autogenerated by Stack.
# You should not edit this file by hand.
# For more information, please see the documentation at:
#   https://docs.haskellstack.org/en/stable/lock_files

packages:
- completed:
    hackage: ghc-lib-parser-9.4.2.20220822@sha256:566b1ddecee9e526f62dadc98dfc89e0f72f5d0d03ebc628c528f9d51b4a5681,14156
    pantry-tree:
      size: 30972
      sha256: e8b2909bd70d973b2522029edee2c9de53f057f741f15c442521184f5b653c1b
  original:
    hackage: ghc-lib-parser-9.4.2.20220822@sha256:566b1ddecee9e526f62dadc98dfc89e0f72f5d0d03ebc628c528f9d51b4a5681,14156
- completed:
    hackage: ghc-lib-parser-ex-9.4.0.0@sha256:a55b192642e1efd3fd3a358aff416e88b6b04f33572bd1d7be9e9008648f2523,3493
    pantry-tree:
      size: 1954
      sha256: 291ba772edd7fefe2f1dcb11c36d867b6e19898b79556adb0298a38917e321e3
  original:
    hackage: ghc-lib-parser-ex-9.4.0.0@sha256:a55b192642e1efd3fd3a358aff416e88b6b04f33572bd1d7be9e9008648f2523,3493
snapshots:
- completed:
    size: 646690
    url: https://raw.githubusercontent.com/commercialhaskell/stackage-snapshots/master/nightly/2022/11/5.yaml
    sha256: dee08c78a10d2e8433969c40e996374717317fcde826cf3f4b8a1e0063307c3e
  original: nightly-2022-11-05
